// !$*UTF8*$!
{
	archiveVersion = 1;
	classes = {
	};
	objectVersion = 46;
	objects = {

/* Begin PBXBuildFile section */
		3C73F81F151416DC002A90FA /* UIKit.framework in Frameworks */ = {isa = PBXBuildFile; fileRef = 3C73F81E151416DC002A90FA /* UIKit.framework */; };
		3C73F821151416DC002A90FA /* Foundation.framework in Frameworks */ = {isa = PBXBuildFile; fileRef = 3C73F820151416DC002A90FA /* Foundation.framework */; };
		3C73F823151416DC002A90FA /* CoreGraphics.framework in Frameworks */ = {isa = PBXBuildFile; fileRef = 3C73F822151416DC002A90FA /* CoreGraphics.framework */; };
		3C73F829151416DC002A90FA /* InfoPlist.strings in Resources */ = {isa = PBXBuildFile; fileRef = 3C73F827151416DC002A90FA /* InfoPlist.strings */; };
		3C73F82B151416DC002A90FA /* main.m in Sources */ = {isa = PBXBuildFile; fileRef = 3C73F82A151416DC002A90FA /* main.m */; };
		3C73F82F151416DC002A90FA /* March22AppDelegate.m in Sources */ = {isa = PBXBuildFile; fileRef = 3C73F82E151416DC002A90FA /* March22AppDelegate.m */; };
/* End PBXBuildFile section */

/* Begin PBXFileReference section */
		3C73F81A151416DC002A90FA /* March22.app */ = {isa = PBXFileReference; explicitFileType = wrapper.application; includeInIndex = 0; path = March22.app; sourceTree = BUILT_PRODUCTS_DIR; };
		3C73F81E151416DC002A90FA /* UIKit.framework */ = {isa = PBXFileReference; lastKnownFileType = wrapper.framework; name = UIKit.framework; path = System/Library/Frameworks/UIKit.framework; sourceTree = SDKROOT; };
		3C73F820151416DC002A90FA /* Foundation.framework */ = {isa = PBXFileReference; lastKnownFileType = wrapper.framework; name = Foundation.framework; path = System/Library/Frameworks/Foundation.framework; sourceTree = SDKROOT; };
		3C73F822151416DC002A90FA /* CoreGraphics.framework */ = {isa = PBXFileReference; lastKnownFileType = wrapper.framework; name = CoreGraphics.framework; path = System/Library/Frameworks/CoreGraphics.framework; sourceTree = SDKROOT; };
		3C73F826151416DC002A90FA /* March22-Info.plist */ = {isa = PBXFileReference; lastKnownFileType = text.plist.xml; path = "March22-Info.plist"; sourceTree = "<group>"; };
		3C73F828151416DC002A90FA /* en */ = {isa = PBXFileReference; lastKnownFileType = text.plist.strings; name = en; path = en.lproj/InfoPlist.strings; sourceTree = "<group>"; };
		3C73F82A151416DC002A90FA /* main.m */ = {isa = PBXFileReference; lastKnownFileType = sourcecode.c.objc; path = main.m; sourceTree = "<group>"; };
		3C73F82C151416DC002A90FA /* March22-Prefix.pch */ = {isa = PBXFileReference; lastKnownFileType = sourcecode.c.h; path = "March22-Prefix.pch"; sourceTree = "<group>"; };
		3C73F82D151416DC002A90FA /* March22AppDelegate.h */ = {isa = PBXFileReference; lastKnownFileType = sourcecode.c.h; path = March22AppDelegate.h; sourceTree = "<group>"; };
		3C73F82E151416DC002A90FA /* March22AppDelegate.m */ = {isa = PBXFileReference; lastKnownFileType = sourcecode.c.objc; path = March22AppDelegate.m; sourceTree = "<group>"; };
/* End PBXFileReference section */

/* Begin PBXFrameworksBuildPhase section */
		3C73F817151416DB002A90FA /* Frameworks */ = {
			isa = PBXFrameworksBuildPhase;
			buildActionMask = 2147483647;
			files = (
				3C73F81F151416DC002A90FA /* UIKit.framework in Frameworks */,
				3C73F821151416DC002A90FA /* Foundation.framework in Frameworks */,
				3C73F823151416DC002A90FA /* CoreGraphics.framework in Frameworks */,
			);
			runOnlyForDeploymentPostprocessing = 0;
		};
/* End PBXFrameworksBuildPhase section */

/* Begin PBXGroup section */
		3C73F80F151416D9002A90FA = {
			isa = PBXGroup;
			children = (
				3C73F824151416DC002A90FA /* March22 */,
				3C73F81D151416DC002A90FA /* Frameworks */,
				3C73F81B151416DC002A90FA /* Products */,
			);
			sourceTree = "<group>";
		};
		3C73F81B151416DC002A90FA /* Products */ = {
			isa = PBXGroup;
			children = (
				3C73F81A151416DC002A90FA /* March22.app */,
			);
			name = Products;
			sourceTree = "<group>";
		};
		3C73F81D151416DC002A90FA /* Frameworks */ = {
			isa = PBXGroup;
			children = (
				3C73F81E151416DC002A90FA /* UIKit.framework */,
				3C73F820151416DC002A90FA /* Foundation.framework */,
				3C73F822151416DC002A90FA /* CoreGraphics.framework */,
			);
			name = Frameworks;
			sourceTree = "<group>";
		};
		3C73F824151416DC002A90FA /* March22 */ = {
			isa = PBXGroup;
			children = (
				3C73F82D151416DC002A90FA /* March22AppDelegate.h */,
				3C73F82E151416DC002A90FA /* March22AppDelegate.m */,
				3C73F825151416DC002A90FA /* Supporting Files */,
			);
			path = March22;
			sourceTree = "<group>";
		};
		3C73F825151416DC002A90FA /* Supporting Files */ = {
			isa = PBXGroup;
			children = (
				3C73F826151416DC002A90FA /* March22-Info.plist */,
				3C73F827151416DC002A90FA /* InfoPlist.strings */,
				3C73F82A151416DC002A90FA /* main.m */,
				3C73F82C151416DC002A90FA /* March22-Prefix.pch */,
			);
			name = "Supporting Files";
			sourceTree = "<group>";
		};
/* End PBXGroup section */

/* Begin PBXNativeTarget section */
		3C73F819151416DB002A90FA /* March22 */ = {
			isa = PBXNativeTarget;
			buildConfigurationList = 3C73F832151416DC002A90FA /* Build configuration list for PBXNativeTarget "March22" */;
			buildPhases = (
				3C73F816151416DB002A90FA /* Sources */,
				3C73F817151416DB002A90FA /* Frameworks */,
				3C73F818151416DB002A90FA /* Resources */,
			);
			buildRules = (
			);
			dependencies = (
			);
			name = March22;
			productName = March22;
			productReference = 3C73F81A151416DC002A90FA /* March22.app */;
			productType = "com.apple.product-type.application";
		};
/* End PBXNativeTarget section */

/* Begin PBXProject section */
		3C73F811151416DA002A90FA /* Project object */ = {
			isa = PBXProject;
			attributes = {
				CLASSPREFIX = March22;
				LastUpgradeCheck = 0430;
				ORGANIZATIONNAME = "Battista Labs";
			};
			buildConfigurationList = 3C73F814151416DA002A90FA /* Build configuration list for PBXProject "March22" */;
			compatibilityVersion = "Xcode 3.2";
			developmentRegion = English;
			hasScannedForEncodings = 0;
			knownRegions = (
				en,
			);
			mainGroup = 3C73F80F151416D9002A90FA;
			productRefGroup = 3C73F81B151416DC002A90FA /* Products */;
			projectDirPath = "";
			projectRoot = "";
			targets = (
				3C73F819151416DB002A90FA /* March22 */,
			);
		};
/* End PBXProject section */

/* Begin PBXResourcesBuildPhase section */
		3C73F818151416DB002A90FA /* Resources */ = {
			isa = PBXResourcesBuildPhase;
			buildActionMask = 2147483647;
			files = (
				3C73F829151416DC002A90FA /* InfoPlist.strings in Resources */,
			);
			runOnlyForDeploymentPostprocessing = 0;
		};
/* End PBXResourcesBuildPhase section */

/* Begin PBXSourcesBuildPhase section */
		3C73F816151416DB002A90FA /* Sources */ = {
			isa = PBXSourcesBuildPhase;
			buildActionMask = 2147483647;
			files = (
				3C73F82B151416DC002A90FA /* main.m in Sources */,
				3C73F82F151416DC002A90FA /* March22AppDelegate.m in Sources */,
			);
			runOnlyForDeploymentPostprocessing = 0;
		};
/* End PBXSourcesBuildPhase section */

/* Begin PBXVariantGroup section */
		3C73F827151416DC002A90FA /* InfoPlist.strings */ = {
			isa = PBXVariantGroup;
			children = (
				3C73F828151416DC002A90FA /* en */,
			);
			name = InfoPlist.strings;
			sourceTree = "<group>";
		};
/* End PBXVariantGroup section */

/* Begin XCBuildConfiguration section */
		3C73F830151416DC002A90FA /* Debug */ = {
			isa = XCBuildConfiguration;
			buildSettings = {
				ALWAYS_SEARCH_USER_PATHS = NO;
				ARCHS = "$(ARCHS_STANDARD_32_BIT)";
				CLANG_ENABLE_OBJC_ARC = YES;
				"CODE_SIGN_IDENTITY[sdk=iphoneos*]" = "iPhone Developer";
				COPY_PHASE_STRIP = NO;
				GCC_C_LANGUAGE_STANDARD = gnu99;
				GCC_DYNAMIC_NO_PIC = NO;
				GCC_OPTIMIZATION_LEVEL = 0;
				GCC_PREPROCESSOR_DEFINITIONS = (
					"DEBUG=1",
					"$(inherited)",
				);
				GCC_SYMBOLS_PRIVATE_EXTERN = NO;
				GCC_VERSION = com.apple.compilers.llvm.clang.1_0;
				GCC_WARN_ABOUT_RETURN_TYPE = YES;
				GCC_WARN_UNINITIALIZED_AUTOS = YES;
				GCC_WARN_UNUSED_VARIABLE = YES;
				IPHONEOS_DEPLOYMENT_TARGET = 5.1;
				SDKROOT = iphoneos;
				TARGETED_DEVICE_FAMILY = "1,2";
			};
			name = Debug;
		};
		3C73F831151416DC002A90FA /* Release */ = {
			isa = XCBuildConfiguration;
			buildSettings = {
				ALWAYS_SEARCH_USER_PATHS = NO;
				ARCHS = "$(ARCHS_STANDARD_32_BIT)";
				CLANG_ENABLE_OBJC_ARC = YES;
				"CODE_SIGN_IDENTITY[sdk=iphoneos*]" = "iPhone Developer";
				COPY_PHASE_STRIP = YES;
				GCC_C_LANGUAGE_STANDARD = gnu99;
				GCC_VERSION = com.apple.compilers.llvm.clang.1_0;
				GCC_WARN_ABOUT_RETURN_TYPE = YES;
				GCC_WARN_UNINITIALIZED_AUTOS = YES;
				GCC_WARN_UNUSED_VARIABLE = YES;
				IPHONEOS_DEPLOYMENT_TARGET = 5.1;
				OTHER_CFLAGS = "-DNS_BLOCK_ASSERTIONS=1";
				SDKROOT = iphoneos;
				TARGETED_DEVICE_FAMILY = "1,2";
				VALIDATE_PRODUCT = YES;
			};
			name = Release;
		};
		3C73F833151416DC002A90FA /* Debug */ = {
			isa = XCBuildConfiguration;
			buildSettings = {
				GCC_PRECOMPILE_PREFIX_HEADER = YES;
				GCC_PREFIX_HEADER = "March22/March22-Prefix.pch";
				INFOPLIST_FILE = "March22/March22-Info.plist";
				PRODUCT_NAME = "$(TARGET_NAME)";
				TARGETED_DEVICE_FAMILY = "1,2";
				WRAPPER_EXTENSION = app;
			};
			name = Debug;
		};
		3C73F834151416DC002A90FA /* Release */ = {
			isa = XCBuildConfiguration;
			buildSettings = {
				GCC_PRECOMPILE_PREFIX_HEADER = YES;
				GCC_PREFIX_HEADER = "March22/March22-Prefix.pch";
				INFOPLIST_FILE = "March22/March22-Info.plist";
				PRODUCT_NAME = "$(TARGET_NAME)";
				TARGETED_DEVICE_FAMILY = "1,2";
				WRAPPER_EXTENSION = app;
			};
			name = Release;
		};
/* End XCBuildConfiguration section */

/* Begin XCConfigurationList section */
		3C73F814151416DA002A90FA /* Build configuration list for PBXProject "March22" */ = {
			isa = XCConfigurationList;
			buildConfigurations = (
				3C73F830151416DC002A90FA /* Debug */,
				3C73F831151416DC002A90FA /* Release */,
			);
			defaultConfigurationIsVisible = 0;
			defaultConfigurationName = Release;
		};
		3C73F832151416DC002A90FA /* Build configuration list for PBXNativeTarget "March22" */ = {
			isa = XCConfigurationList;
			buildConfigurations = (
				3C73F833151416DC002A90FA /* Debug */,
				3C73F834151416DC002A90FA /* Release */,
			);
			defaultConfigurationIsVisible = 0;
		};
/* End XCConfigurationList section */
	};
	rootObject = 3C73F811151416DA002A90FA /* Project object */;
}
